
Microsoft Visual Studio Solution File, Format Version 12.00
# Visual Studio Version 17
VisualStudioVersion = 17.13.35919.96 d17.13
MinimumVisualStudioVersion = 10.0.40219.1
Project("{FAE04EC0-301F-11D3-BF4B-00C04F79EFBC}") = "WebApiNTT", "WebApiNTT.csproj", "{73224B04-5766-4756-9ABA-97DF3A0DB69D}"
EndProject
Global
	GlobalSection(SolutionConfigurationPlatforms) = preSolution
		Debug|Any CPU = Debug|Any CPU
		Release|Any CPU = Release|Any CPU
	EndGlobalSection
	GlobalSection(ProjectConfigurationPlatforms) = postSolution
		{73224B04-5766-4756-9ABA-97DF3A0DB69D}.Debug|Any CPU.ActiveCfg = Debug|Any CPU
		{73224B04-5766-4756-9ABA-97DF3A0DB69D}.Debug|Any CPU.Build.0 = Debug|Any CPU
		{73224B04-5766-4756-9ABA-97DF3A0DB69D}.Release|Any CPU.ActiveCfg = Release|Any CPU
		{73224B04-5766-4756-9ABA-97DF3A0DB69D}.Release|Any CPU.Build.0 = Release|Any CPU
	EndGlobalSection
	GlobalSection(SolutionProperties) = preSolution
		HideSolutionNode = FALSE
	EndGlobalSection
	GlobalSection(ExtensibilityGlobals) = postSolution
		SolutionGuid = {C51F0724-0042-4CE4-9200-F95453F27F12}
	EndGlobalSection
EndGlobal
